// !$*UTF8*$!
{
	archiveVersion = 1;
	classes = {
	};
	objectVersion = 56;
	objects = {

/* Begin PBXBuildFile section */
		C9725E272B27AAE900B86CA2 /* OnboardingView.swift in Sources */ = {isa = PBXBuildFile; fileRef = C9725E262B27AAE900B86CA2 /* OnboardingView.swift */; };
		C9725E2A2B27BA9600B86CA2 /* HomeView.swift in Sources */ = {isa = PBXBuildFile; fileRef = C9725E292B27BA9600B86CA2 /* HomeView.swift */; };
		C9725E2C2B27BACA00B86CA2 /* MenuView.swift in Sources */ = {isa = PBXBuildFile; fileRef = C9725E2B2B27BACA00B86CA2 /* MenuView.swift */; };
		C9725E2E2B27C04100B86CA2 /* UserProfileView.swift in Sources */ = {isa = PBXBuildFile; fileRef = C9725E2D2B27C04100B86CA2 /* UserProfileView.swift */; };
		C9725E312B27EA4800B86CA2 /* FetchedObjects.swift in Sources */ = {isa = PBXBuildFile; fileRef = C9725E2F2B27EA4700B86CA2 /* FetchedObjects.swift */; };
		C9725E322B27EA4800B86CA2 /* Persistence.swift in Sources */ = {isa = PBXBuildFile; fileRef = C9725E302B27EA4700B86CA2 /* Persistence.swift */; };
		C9725E352B27EA9400B86CA2 /* MenuList.swift in Sources */ = {isa = PBXBuildFile; fileRef = C9725E342B27EA9400B86CA2 /* MenuList.swift */; };
		C9725E372B27EA9B00B86CA2 /* MenuItem.swift in Sources */ = {isa = PBXBuildFile; fileRef = C9725E362B27EA9B00B86CA2 /* MenuItem.swift */; };
		C9725E3B2B27EE5300B86CA2 /* ExampleDatabase.xcdatamodeld in Sources */ = {isa = PBXBuildFile; fileRef = C9725E392B27EE5300B86CA2 /* ExampleDatabase.xcdatamodeld */; };
		C9725E3D2B2A68C900B86CA2 /* HeroView.swift in Sources */ = {isa = PBXBuildFile; fileRef = C9725E3C2B2A68C900B86CA2 /* HeroView.swift */; };
		C9BE17FB2B26B54900A4A794 /* RestaurantApp.swift in Sources */ = {isa = PBXBuildFile; fileRef = C9BE17FA2B26B54900A4A794 /* RestaurantApp.swift */; };
		C9BE17FF2B26B54A00A4A794 /* Assets.xcassets in Resources */ = {isa = PBXBuildFile; fileRef = C9BE17FE2B26B54A00A4A794 /* Assets.xcassets */; };
		C9BE18022B26B54A00A4A794 /* Preview Assets.xcassets in Resources */ = {isa = PBXBuildFile; fileRef = C9BE18012B26B54A00A4A794 /* Preview Assets.xcassets */; };
/* End PBXBuildFile section */

/* Begin PBXFileReference section */
		C9725E262B27AAE900B86CA2 /* OnboardingView.swift */ = {isa = PBXFileReference; lastKnownFileType = sourcecode.swift; path = OnboardingView.swift; sourceTree = "<group>"; };
		C9725E292B27BA9600B86CA2 /* HomeView.swift */ = {isa = PBXFileReference; lastKnownFileType = sourcecode.swift; path = HomeView.swift; sourceTree = "<group>"; };
		C9725E2B2B27BACA00B86CA2 /* MenuView.swift */ = {isa = PBXFileReference; lastKnownFileType = sourcecode.swift; path = MenuView.swift; sourceTree = "<group>"; };
		C9725E2D2B27C04100B86CA2 /* UserProfileView.swift */ = {isa = PBXFileReference; lastKnownFileType = sourcecode.swift; path = UserProfileView.swift; sourceTree = "<group>"; };
		C9725E2F2B27EA4700B86CA2 /* FetchedObjects.swift */ = {isa = PBXFileReference; fileEncoding = 4; lastKnownFileType = sourcecode.swift; path = FetchedObjects.swift; sourceTree = "<group>"; };
		C9725E302B27EA4700B86CA2 /* Persistence.swift */ = {isa = PBXFileReference; fileEncoding = 4; lastKnownFileType = sourcecode.swift; path = Persistence.swift; sourceTree = "<group>"; };
		C9725E342B27EA9400B86CA2 /* MenuList.swift */ = {isa = PBXFileReference; lastKnownFileType = sourcecode.swift; path = MenuList.swift; sourceTree = "<group>"; };
		C9725E362B27EA9B00B86CA2 /* MenuItem.swift */ = {isa = PBXFileReference; lastKnownFileType = sourcecode.swift; path = MenuItem.swift; sourceTree = "<group>"; };
		C9725E3A2B27EE5300B86CA2 /* ExampleDatabase.xcdatamodel */ = {isa = PBXFileReference; lastKnownFileType = wrapper.xcdatamodel; path = ExampleDatabase.xcdatamodel; sourceTree = "<group>"; };
		C9725E3C2B2A68C900B86CA2 /* HeroView.swift */ = {isa = PBXFileReference; lastKnownFileType = sourcecode.swift; path = HeroView.swift; sourceTree = "<group>"; };
		C9BE17F72B26B54900A4A794 /* RestaurantApp.app */ = {isa = PBXFileReference; explicitFileType = wrapper.application; includeInIndex = 0; path = RestaurantApp.app; sourceTree = BUILT_PRODUCTS_DIR; };
		C9BE17FA2B26B54900A4A794 /* RestaurantApp.swift */ = {isa = PBXFileReference; lastKnownFileType = sourcecode.swift; path = RestaurantApp.swift; sourceTree = "<group>"; };
		C9BE17FE2B26B54A00A4A794 /* Assets.xcassets */ = {isa = PBXFileReference; lastKnownFileType = folder.assetcatalog; path = Assets.xcassets; sourceTree = "<group>"; };
		C9BE18012B26B54A00A4A794 /* Preview Assets.xcassets */ = {isa = PBXFileReference; lastKnownFileType = folder.assetcatalog; path = "Preview Assets.xcassets"; sourceTree = "<group>"; };
/* End PBXFileReference section */

/* Begin PBXFrameworksBuildPhase section */
		C9BE17F42B26B54900A4A794 /* Frameworks */ = {
			isa = PBXFrameworksBuildPhase;
			buildActionMask = 2147483647;
			files = (
			);
			runOnlyForDeploymentPostprocessing = 0;
		};
/* End PBXFrameworksBuildPhase section */

/* Begin PBXGroup section */
		C9725E282B27AAEB00B86CA2 /* Views */ = {
			isa = PBXGroup;
			children = (
				C9725E262B27AAE900B86CA2 /* OnboardingView.swift */,
				C9725E292B27BA9600B86CA2 /* HomeView.swift */,
				C9725E2B2B27BACA00B86CA2 /* MenuView.swift */,
				C9725E2D2B27C04100B86CA2 /* UserProfileView.swift */,
				C9725E3E2B2A68CD00B86CA2 /* Sub-views */,
			);
			path = Views;
			sourceTree = "<group>";
		};
		C9725E332B27EA8000B86CA2 /* Models */ = {
			isa = PBXGroup;
			children = (
				C9725E342B27EA9400B86CA2 /* MenuList.swift */,
				C9725E362B27EA9B00B86CA2 /* MenuItem.swift */,
			);
			path = Models;
			sourceTree = "<group>";
		};
		C9725E382B27EB8700B86CA2 /* Core Data */ = {
			isa = PBXGroup;
			children = (
				C9725E2F2B27EA4700B86CA2 /* FetchedObjects.swift */,
				C9725E302B27EA4700B86CA2 /* Persistence.swift */,
				C9725E392B27EE5300B86CA2 /* ExampleDatabase.xcdatamodeld */,
			);
			path = "Core Data";
			sourceTree = "<group>";
		};
		C9725E3E2B2A68CD00B86CA2 /* Sub-views */ = {
			isa = PBXGroup;
			children = (
				C9725E3C2B2A68C900B86CA2 /* HeroView.swift */,
			);
			path = "Sub-views";
			sourceTree = "<group>";
		};
		C9BE17EE2B26B54900A4A794 = {
			isa = PBXGroup;
			children = (
				C9BE17F92B26B54900A4A794 /* RestaurantApp */,
				C9BE17F82B26B54900A4A794 /* Products */,
			);
			sourceTree = "<group>";
		};
		C9BE17F82B26B54900A4A794 /* Products */ = {
			isa = PBXGroup;
			children = (
				C9BE17F72B26B54900A4A794 /* RestaurantApp.app */,
			);
			name = Products;
			sourceTree = "<group>";
		};
		C9BE17F92B26B54900A4A794 /* RestaurantApp */ = {
			isa = PBXGroup;
			children = (
				C9BE17FA2B26B54900A4A794 /* RestaurantApp.swift */,
				C9725E382B27EB8700B86CA2 /* Core Data */,
				C9725E332B27EA8000B86CA2 /* Models */,
				C9725E282B27AAEB00B86CA2 /* Views */,
				C9BE17FE2B26B54A00A4A794 /* Assets.xcassets */,
				C9BE18002B26B54A00A4A794 /* Preview Content */,
			);
			path = RestaurantApp;
			sourceTree = "<group>";
		};
		C9BE18002B26B54A00A4A794 /* Preview Content */ = {
			isa = PBXGroup;
			children = (
				C9BE18012B26B54A00A4A794 /* Preview Assets.xcassets */,
			);
			path = "Preview Content";
			sourceTree = "<group>";
		};
/* End PBXGroup section */

/* Begin PBXNativeTarget section */
		C9BE17F62B26B54900A4A794 /* RestaurantApp */ = {
			isa = PBXNativeTarget;
			buildConfigurationList = C9BE18052B26B54A00A4A794 /* Build configuration list for PBXNativeTarget "RestaurantApp" */;
			buildPhases = (
				C9BE17F32B26B54900A4A794 /* Sources */,
				C9BE17F42B26B54900A4A794 /* Frameworks */,
				C9BE17F52B26B54900A4A794 /* Resources */,
			);
			buildRules = (
			);
			dependencies = (
			);
			name = RestaurantApp;
			productName = RestaurantApp;
			productReference = C9BE17F72B26B54900A4A794 /* RestaurantApp.app */;
			productType = "com.apple.product-type.application";
		};
/* End PBXNativeTarget section */

/* Begin PBXProject section */
		C9BE17EF2B26B54900A4A794 /* Project object */ = {
			isa = PBXProject;
			attributes = {
				BuildIndependentTargetsInParallel = 1;
				LastSwiftUpdateCheck = 1500;
				LastUpgradeCheck = 1500;
				TargetAttributes = {
					C9BE17F62B26B54900A4A794 = {
						CreatedOnToolsVersion = 15.0.1;
					};
				};
			};
			buildConfigurationList = C9BE17F22B26B54900A4A794 /* Build configuration list for PBXProject "RestaurantApp" */;
			compatibilityVersion = "Xcode 14.0";
			developmentRegion = en;
			hasScannedForEncodings = 0;
			knownRegions = (
				en,
				Base,
			);
			mainGroup = C9BE17EE2B26B54900A4A794;
			productRefGroup = C9BE17F82B26B54900A4A794 /* Products */;
			projectDirPath = "";
			projectRoot = "";
			targets = (
				C9BE17F62B26B54900A4A794 /* RestaurantApp */,
			);
		};
/* End PBXProject section */

/* Begin PBXResourcesBuildPhase section */
		C9BE17F52B26B54900A4A794 /* Resources */ = {
			isa = PBXResourcesBuildPhase;
			buildActionMask = 2147483647;
			files = (
				C9BE18022B26B54A00A4A794 /* Preview Assets.xcassets in Resources */,
				C9BE17FF2B26B54A00A4A794 /* Assets.xcassets in Resources */,
			);
			runOnlyForDeploymentPostprocessing = 0;
		};
/* End PBXResourcesBuildPhase section */

/* Begin PBXSourcesBuildPhase section */
		C9BE17F32B26B54900A4A794 /* Sources */ = {
			isa = PBXSourcesBuildPhase;
			buildActionMask = 2147483647;
			files = (
				C9725E272B27AAE900B86CA2 /* OnboardingView.swift in Sources */,
				C9725E2A2B27BA9600B86CA2 /* HomeView.swift in Sources */,
				C9725E352B27EA9400B86CA2 /* MenuList.swift in Sources */,
				C9725E312B27EA4800B86CA2 /* FetchedObjects.swift in Sources */,
				C9725E322B27EA4800B86CA2 /* Persistence.swift in Sources */,
				C9725E3B2B27EE5300B86CA2 /* ExampleDatabase.xcdatamodeld in Sources */,
				C9725E2E2B27C04100B86CA2 /* UserProfileView.swift in Sources */,
				C9725E372B27EA9B00B86CA2 /* MenuItem.swift in Sources */,
				C9725E2C2B27BACA00B86CA2 /* MenuView.swift in Sources */,
				C9BE17FB2B26B54900A4A794 /* RestaurantApp.swift in Sources */,
				C9725E3D2B2A68C900B86CA2 /* HeroView.swift in Sources */,
			);
			runOnlyForDeploymentPostprocessing = 0;
		};
/* End PBXSourcesBuildPhase section */

/* Begin XCBuildConfiguration section */
		C9BE18032B26B54A00A4A794 /* Debug */ = {
			isa = XCBuildConfiguration;
			buildSettings = {
				ALWAYS_SEARCH_USER_PATHS = NO;
				ASSETCATALOG_COMPILER_GENERATE_SWIFT_ASSET_SYMBOL_EXTENSIONS = YES;
				CLANG_ANALYZER_NONNULL = YES;
				CLANG_ANALYZER_NUMBER_OBJECT_CONVERSION = YES_AGGRESSIVE;
				CLANG_CXX_LANGUAGE_STANDARD = "gnu++20";
				CLANG_ENABLE_MODULES = YES;
				CLANG_ENABLE_OBJC_ARC = YES;
				CLANG_ENABLE_OBJC_WEAK = YES;
				CLANG_WARN_BLOCK_CAPTURE_AUTORELEASING = YES;
				CLANG_WARN_BOOL_CONVERSION = YES;
				CLANG_WARN_COMMA = YES;
				CLANG_WARN_CONSTANT_CONVERSION = YES;
				CLANG_WARN_DEPRECATED_OBJC_IMPLEMENTATIONS = YES;
				CLANG_WARN_DIRECT_OBJC_ISA_USAGE = YES_ERROR;
				CLANG_WARN_DOCUMENTATION_COMMENTS = YES;
				CLANG_WARN_EMPTY_BODY = YES;
				CLANG_WARN_ENUM_CONVERSION = YES;
				CLANG_WARN_INFINITE_RECURSION = YES;
				CLANG_WARN_INT_CONVERSION = YES;
				CLANG_WARN_NON_LITERAL_NULL_CONVERSION = YES;
				CLANG_WARN_OBJC_IMPLICIT_RETAIN_SELF = YES;
				CLANG_WARN_OBJC_LITERAL_CONVERSION = YES;
				CLANG_WARN_OBJC_ROOT_CLASS = YES_ERROR;
				CLANG_WARN_QUOTED_INCLUDE_IN_FRAMEWORK_HEADER = YES;
				CLANG_WARN_RANGE_LOOP_ANALYSIS = YES;
				CLANG_WARN_STRICT_PROTOTYPES = YES;
				CLANG_WARN_SUSPICIOUS_MOVE = YES;
				CLANG_WARN_UNGUARDED_AVAILABILITY = YES_AGGRESSIVE;
				CLANG_WARN_UNREACHABLE_CODE = YES;
				CLANG_WARN__DUPLICATE_METHOD_MATCH = YES;
				COPY_PHASE_STRIP = NO;
				DEBUG_INFORMATION_FORMAT = dwarf;
				ENABLE_STRICT_OBJC_MSGSEND = YES;
				ENABLE_TESTABILITY = YES;
				ENABLE_USER_SCRIPT_SANDBOXING = YES;
				GCC_C_LANGUAGE_STANDARD = gnu17;
				GCC_DYNAMIC_NO_PIC = NO;
				GCC_NO_COMMON_BLOCKS = YES;
				GCC_OPTIMIZATION_LEVEL = 0;
				GCC_PREPROCESSOR_DEFINITIONS = (
					"DEBUG=1",
					"$(inherited)",
				);
				GCC_WARN_64_TO_32_BIT_CONVERSION = YES;
				GCC_WARN_ABOUT_RETURN_TYPE = YES_ERROR;
				GCC_WARN_UNDECLARED_SELECTOR = YES;
				GCC_WARN_UNINITIALIZED_AUTOS = YES_AGGRESSIVE;
				GCC_WARN_UNUSED_FUNCTION = YES;
				GCC_WARN_UNUSED_VARIABLE = YES;
				IPHONEOS_DEPLOYMENT_TARGET = 17.0;
				LOCALIZATION_PREFERS_STRING_CATALOGS = YES;
				MTL_ENABLE_DEBUG_INFO = INCLUDE_SOURCE;
				MTL_FAST_MATH = YES;
				ONLY_ACTIVE_ARCH = YES;
				SDKROOT = iphoneos;
				SWIFT_ACTIVE_COMPILATION_CONDITIONS = "DEBUG $(inherited)";
				SWIFT_OPTIMIZATION_LEVEL = "-Onone";
			};
			name = Debug;
		};
		C9BE18042B26B54A00A4A794 /* Release */ = {
			isa = XCBuildConfiguration;
			buildSettings = {
				ALWAYS_SEARCH_USER_PATHS = NO;
				ASSETCATALOG_COMPILER_GENERATE_SWIFT_ASSET_SYMBOL_EXTENSIONS = YES;
				CLANG_ANALYZER_NONNULL = YES;
				CLANG_ANALYZER_NUMBER_OBJECT_CONVERSION = YES_AGGRESSIVE;
				CLANG_CXX_LANGUAGE_STANDARD = "gnu++20";
				CLANG_ENABLE_MODULES = YES;
				CLANG_ENABLE_OBJC_ARC = YES;
				CLANG_ENABLE_OBJC_WEAK = YES;
				CLANG_WARN_BLOCK_CAPTURE_AUTORELEASING = YES;
				CLANG_WARN_BOOL_CONVERSION = YES;
				CLANG_WARN_COMMA = YES;
				CLANG_WARN_CONSTANT_CONVERSION = YES;
				CLANG_WARN_DEPRECATED_OBJC_IMPLEMENTATIONS = YES;
				CLANG_WARN_DIRECT_OBJC_ISA_USAGE = YES_ERROR;
				CLANG_WARN_DOCUMENTATION_COMMENTS = YES;
				CLANG_WARN_EMPTY_BODY = YES;
				CLANG_WARN_ENUM_CONVERSION = YES;
				CLANG_WARN_INFINITE_RECURSION = YES;
				CLANG_WARN_INT_CONVERSION = YES;
				CLANG_WARN_NON_LITERAL_NULL_CONVERSION = YES;
				CLANG_WARN_OBJC_IMPLICIT_RETAIN_SELF = YES;
				CLANG_WARN_OBJC_LITERAL_CONVERSION = YES;
				CLANG_WARN_OBJC_ROOT_CLASS = YES_ERROR;
				CLANG_WARN_QUOTED_INCLUDE_IN_FRAMEWORK_HEADER = YES;
				CLANG_WARN_RANGE_LOOP_ANALYSIS = YES;
				CLANG_WARN_STRICT_PROTOTYPES = YES;
				CLANG_WARN_SUSPICIOUS_MOVE = YES;
				CLANG_WARN_UNGUARDED_AVAILABILITY = YES_AGGRESSIVE;
				CLANG_WARN_UNREACHABLE_CODE = YES;
				CLANG_WARN__DUPLICATE_METHOD_MATCH = YES;
				COPY_PHASE_STRIP = NO;
				DEBUG_INFORMATION_FORMAT = "dwarf-with-dsym";
				ENABLE_NS_ASSERTIONS = NO;
				ENABLE_STRICT_OBJC_MSGSEND = YES;
				ENABLE_USER_SCRIPT_SANDBOXING = YES;
				GCC_C_LANGUAGE_STANDARD = gnu17;
				GCC_NO_COMMON_BLOCKS = YES;
				GCC_WARN_64_TO_32_BIT_CONVERSION = YES;
				GCC_WARN_ABOUT_RETURN_TYPE = YES_ERROR;
				GCC_WARN_UNDECLARED_SELECTOR = YES;
				GCC_WARN_UNINITIALIZED_AUTOS = YES_AGGRESSIVE;
				GCC_WARN_UNUSED_FUNCTION = YES;
				GCC_WARN_UNUSED_VARIABLE = YES;
				IPHONEOS_DEPLOYMENT_TARGET = 17.0;
				LOCALIZATION_PREFERS_STRING_CATALOGS = YES;
				MTL_ENABLE_DEBUG_INFO = NO;
				MTL_FAST_MATH = YES;
				SDKROOT = iphoneos;
				SWIFT_COMPILATION_MODE = wholemodule;
				VALIDATE_PRODUCT = YES;
			};
			name = Release;
		};
		C9BE18062B26B54A00A4A794 /* Debug */ = {
			isa = XCBuildConfiguration;
			buildSettings = {
				ASSETCATALOG_COMPILER_APPICON_NAME = AppIcon;
				ASSETCATALOG_COMPILER_GLOBAL_ACCENT_COLOR_NAME = AccentColor;
				CODE_SIGN_STYLE = Automatic;
				CURRENT_PROJECT_VERSION = 1;
				DEVELOPMENT_ASSET_PATHS = "\"RestaurantApp/Preview Content\"";
				DEVELOPMENT_TEAM = 3BKA54452H;
				ENABLE_PREVIEWS = YES;
				GENERATE_INFOPLIST_FILE = YES;
				INFOPLIST_KEY_UIApplicationSceneManifest_Generation = YES;
				INFOPLIST_KEY_UIApplicationSupportsIndirectInputEvents = YES;
				INFOPLIST_KEY_UILaunchScreen_Generation = YES;
				INFOPLIST_KEY_UISupportedInterfaceOrientations_iPad = "UIInterfaceOrientationPortrait UIInterfaceOrientationPortraitUpsideDown UIInterfaceOrientationLandscapeLeft UIInterfaceOrientationLandscapeRight";
				INFOPLIST_KEY_UISupportedInterfaceOrientations_iPhone = "UIInterfaceOrientationPortrait UIInterfaceOrientationLandscapeLeft UIInterfaceOrientationLandscapeRight";
				LD_RUNPATH_SEARCH_PATHS = (
					"$(inherited)",
					"@executable_path/Frameworks",
				);
				MARKETING_VERSION = 1.0;
				PRODUCT_BUNDLE_IDENTIFIER = com.littleLemon.RestaurantApp;
				PRODUCT_NAME = "$(TARGET_NAME)";
				SWIFT_EMIT_LOC_STRINGS = YES;
				SWIFT_VERSION = 5.0;
				TARGETED_DEVICE_FAMILY = "1,2";
			};
			name = Debug;
		};
		C9BE18072B26B54A00A4A794 /* Release */ = {
			isa = XCBuildConfiguration;
			buildSettings = {
				ASSETCATALOG_COMPILER_APPICON_NAME = AppIcon;
				ASSETCATALOG_COMPILER_GLOBAL_ACCENT_COLOR_NAME = AccentColor;
				CODE_SIGN_STYLE = Automatic;
				CURRENT_PROJECT_VERSION = 1;
				DEVELOPMENT_ASSET_PATHS = "\"RestaurantApp/Preview Content\"";
				DEVELOPMENT_TEAM = 3BKA54452H;
				ENABLE_PREVIEWS = YES;
				GENERATE_INFOPLIST_FILE = YES;
				INFOPLIST_KEY_UIApplicationSceneManifest_Generation = YES;
				INFOPLIST_KEY_UIApplicationSupportsIndirectInputEvents = YES;
				INFOPLIST_KEY_UILaunchScreen_Generation = YES;
				INFOPLIST_KEY_UISupportedInterfaceOrientations_iPad = "UIInterfaceOrientationPortrait UIInterfaceOrientationPortraitUpsideDown UIInterfaceOrientationLandscapeLeft UIInterfaceOrientationLandscapeRight";
				INFOPLIST_KEY_UISupportedInterfaceOrientations_iPhone = "UIInterfaceOrientationPortrait UIInterfaceOrientationLandscapeLeft UIInterfaceOrientationLandscapeRight";
				LD_RUNPATH_SEARCH_PATHS = (
					"$(inherited)",
					"@executable_path/Frameworks",
				);
				MARKETING_VERSION = 1.0;
				PRODUCT_BUNDLE_IDENTIFIER = com.littleLemon.RestaurantApp;
				PRODUCT_NAME = "$(TARGET_NAME)";
				SWIFT_EMIT_LOC_STRINGS = YES;
				SWIFT_VERSION = 5.0;
				TARGETED_DEVICE_FAMILY = "1,2";
			};
			name = Release;
		};
/* End XCBuildConfiguration section */

/* Begin XCConfigurationList section */
		C9BE17F22B26B54900A4A794 /* Build configuration list for PBXProject "RestaurantApp" */ = {
			isa = XCConfigurationList;
			buildConfigurations = (
				C9BE18032B26B54A00A4A794 /* Debug */,
				C9BE18042B26B54A00A4A794 /* Release */,
			);
			defaultConfigurationIsVisible = 0;
			defaultConfigurationName = Release;
		};
		C9BE18052B26B54A00A4A794 /* Build configuration list for PBXNativeTarget "RestaurantApp" */ = {
			isa = XCConfigurationList;
			buildConfigurations = (
				C9BE18062B26B54A00A4A794 /* Debug */,
				C9BE18072B26B54A00A4A794 /* Release */,
			);
			defaultConfigurationIsVisible = 0;
			defaultConfigurationName = Release;
		};
/* End XCConfigurationList section */

/* Begin XCVersionGroup section */
		C9725E392B27EE5300B86CA2 /* ExampleDatabase.xcdatamodeld */ = {
			isa = XCVersionGroup;
			children = (
				C9725E3A2B27EE5300B86CA2 /* ExampleDatabase.xcdatamodel */,
			);
			currentVersion = C9725E3A2B27EE5300B86CA2 /* ExampleDatabase.xcdatamodel */;
			path = ExampleDatabase.xcdatamodeld;
			sourceTree = "<group>";
			versionGroupType = wrapper.xcdatamodel;
		};
/* End XCVersionGroup section */
	};
	rootObject = C9BE17EF2B26B54900A4A794 /* Project object */;
}
